# THIS IS AN AUTOGENERATED FILE. DO NOT EDIT THIS FILE DIRECTLY.
# yarn lockfile v1


ansi-regex@^2.1.1:
  version "2.1.1"
  resolved "https://registry.yarnpkg.com/ansi-regex/-/ansi-regex-2.1.1.tgz#c3b33ab5ee360d86e0e628f0468ae7ef27d654df"

cli-color@^1.2.0:
  version "1.2.0"
  resolved "https://registry.yarnpkg.com/cli-color/-/cli-color-1.2.0.tgz#3a5ae74fd76b6267af666e69e2afbbd01def34d1"
  dependencies:
    ansi-regex "^2.1.1"
    d "1"
    es5-ext "^0.10.12"
    es6-iterator "2"
    memoizee "^0.4.3"
    timers-ext "0.1"

d@1:
  version "1.0.0"
  resolved "https://registry.yarnpkg.com/d/-/d-1.0.0.tgz#754bb5bfe55451da69a58b94d45f4c5b0462d58f"
  dependencies:
    es5-ext "^0.10.9"

es5-ext@^0.10.12, es5-ext@^0.10.13, es5-ext@^0.10.14, es5-ext@^0.10.9, es5-ext@~0.10.14, es5-ext@~0.10.2:
  version "0.10.15"
  resolved "https://registry.yarnpkg.com/es5-ext/-/es5-ext-0.10.15.tgz#c330a5934c1ee21284a7c081a86e5fd937c91ea6"
  dependencies:
    es6-iterator "2"
    es6-symbol "~3.1"

es6-iterator@2, es6-iterator@^2.0.1:
  version "2.0.1"
  resolved "https://registry.yarnpkg.com/es6-iterator/-/es6-iterator-2.0.1.tgz#8e319c9f0453bf575d374940a655920e59ca5512"
  dependencies:
    d "1"
    es5-ext "^0.10.14"
    es6-symbol "^3.1"

es6-symbol@^3.1, es6-symbol@^3.1.1, es6-symbol@~3.1:
  version "3.1.1"
  resolved "https://registry.yarnpkg.com/es6-symbol/-/es6-symbol-3.1.1.tgz#bf00ef4fdab6ba1b46ecb7b629b4c7ed5715cc77"
  dependencies:
    d "1"
    es5-ext "~0.10.14"

es6-weak-map@^2.0.1:
  version "2.0.2"
  resolved "https://registry.yarnpkg.com/es6-weak-map/-/es6-weak-map-2.0.2.tgz#5e3ab32251ffd1538a1f8e5ffa1357772f92d96f"
  dependencies:
    d "1"
    es5-ext "^0.10.14"
    es6-iterator "^2.0.1"
    es6-symbol "^3.1.1"

event-emitter@^0.3.4:
  version "0.3.5"
  resolved "https://registry.yarnpkg.com/event-emitter/-/event-emitter-0.3.5.tgz#df8c69eef1647923c7157b9ce83840610b02cc39"
  dependencies:
    d "1"
    es5-ext "~0.10.14"

is-promise@^2.1:
  version "2.1.0"
  resolved "https://registry.yarnpkg.com/is-promise/-/is-promise-2.1.0.tgz#79a2a9ece7f096e80f36d2b2f3bc16c1ff4bf3fa"

lru-queue@0.1:
  version "0.1.0"
  resolved "https://registry.yarnpkg.com/lru-queue/-/lru-queue-0.1.0.tgz#2738bd9f0d3cf4f84490c5736c48699ac632cda3"
  dependencies:
    es5-ext "~0.10.2"

memoizee@^0.4.3:
  version "0.4.4"
  resolved "https://registry.yarnpkg.com/memoizee/-/memoizee-0.4.4.tgz#ecf4b791a09cd11c970203f80682534730fad78f"
  dependencies:
    d "1"
    es5-ext "^0.10.13"
    es6-weak-map "^2.0.1"
    event-emitter "^0.3.4"
    is-promise "^2.1"
    lru-queue "0.1"
    next-tick "1"
    timers-ext "0.1"

next-tick@1:
  version "1.0.0"
  resolved "https://registry.yarnpkg.com/next-tick/-/next-tick-1.0.0.tgz#ca86d1fe8828169b0120208e3dc8424b9db8342c"

object-assign-deep@^0.2.0:
  version "0.2.0"
  resolved "https://registry.yarnpkg.com/object-assign-deep/-/object-assign-deep-0.2.0.tgz#92eddc8e71fac45a5fdccdab221dcbe26c882c6d"

object-extender@^2.0.1:
  version "2.0.2"
  resolved "https://registry.yarnpkg.com/object-extender/-/object-extender-2.0.2.tgz#0346d2615a5000ad7486fdc6a3bc498096a5b091"
  dependencies:
    object-assign-deep "^0.2.0"

timers-ext@0.1:
  version "0.1.2"
  resolved "https://registry.yarnpkg.com/timers-ext/-/timers-ext-0.1.2.tgz#61cc47a76c1abd3195f14527f978d58ae94c5204"
  dependencies:
    es5-ext "~0.10.14"
    next-tick "1"
